// !$*UTF8*$!
{
	archiveVersion = 1;
	classes = {
	};
	objectVersion = 55;
	objects = {

/* Begin PBXBuildFile section */
		3652D24F2C3F608F00C22394 /* ContentView.swift in Sources */ = {isa = PBXBuildFile; fileRef = 3652D24E2C3F608F00C22394 /* ContentView.swift */; };
		3652D2512C3F614B00C22394 /* MainSwiftUIHostController.swift in Sources */ = {isa = PBXBuildFile; fileRef = 3652D2502C3F614B00C22394 /* MainSwiftUIHostController.swift */; };
		C3038F9C2859360200909FA5 /* AppDelegate.swift in Sources */ = {isa = PBXBuildFile; fileRef = C3038F9B2859360200909FA5 /* AppDelegate.swift */; };
		C3038F9E2859360200909FA5 /* SceneDelegate.swift in Sources */ = {isa = PBXBuildFile; fileRef = C3038F9D2859360200909FA5 /* SceneDelegate.swift */; };
		C3038FA02859360200909FA5 /* MainUIKitViewController.swift in Sources */ = {isa = PBXBuildFile; fileRef = C3038F9F2859360200909FA5 /* MainUIKitViewController.swift */; };
		C3038FA52859360400909FA5 /* Assets.xcassets in Resources */ = {isa = PBXBuildFile; fileRef = C3038FA42859360400909FA5 /* Assets.xcassets */; };
		C3038FA82859360400909FA5 /* LaunchScreen.storyboard in Resources */ = {isa = PBXBuildFile; fileRef = C3038FA62859360400909FA5 /* LaunchScreen.storyboard */; };
		C3038FB32859360500909FA5 /* Gusto_Lunch_MenuTests.swift in Sources */ = {isa = PBXBuildFile; fileRef = C3038FB22859360500909FA5 /* Gusto_Lunch_MenuTests.swift */; };
		C3038FBD2859360500909FA5 /* Gusto_Lunch_MenuUITests.swift in Sources */ = {isa = PBXBuildFile; fileRef = C3038FBC2859360500909FA5 /* Gusto_Lunch_MenuUITests.swift */; };
		C3038FBF2859360500909FA5 /* Gusto_Lunch_MenuUITestsLaunchTests.swift in Sources */ = {isa = PBXBuildFile; fileRef = C3038FBE2859360500909FA5 /* Gusto_Lunch_MenuUITestsLaunchTests.swift */; };
		C3038FCC285936C400909FA5 /* LunchMenuDataSource.swift in Sources */ = {isa = PBXBuildFile; fileRef = C3038FCB285936C400909FA5 /* LunchMenuDataSource.swift */; };
		C3038FCE2859429800909FA5 /* README.md in Resources */ = {isa = PBXBuildFile; fileRef = C3038FCD2859429800909FA5 /* README.md */; };
/* End PBXBuildFile section */

/* Begin PBXContainerItemProxy section */
		C3038FAF2859360500909FA5 /* PBXContainerItemProxy */ = {
			isa = PBXContainerItemProxy;
			containerPortal = C3038F902859360200909FA5 /* Project object */;
			proxyType = 1;
			remoteGlobalIDString = C3038F972859360200909FA5;
			remoteInfo = "Gusto Lunch Menu";
		};
		C3038FB92859360500909FA5 /* PBXContainerItemProxy */ = {
			isa = PBXContainerItemProxy;
			containerPortal = C3038F902859360200909FA5 /* Project object */;
			proxyType = 1;
			remoteGlobalIDString = C3038F972859360200909FA5;
			remoteInfo = "Gusto Lunch Menu";
		};
/* End PBXContainerItemProxy section */

/* Begin PBXFileReference section */
		3652D24E2C3F608F00C22394 /* ContentView.swift */ = {isa = PBXFileReference; lastKnownFileType = sourcecode.swift; path = ContentView.swift; sourceTree = "<group>"; };
		3652D2502C3F614B00C22394 /* MainSwiftUIHostController.swift */ = {isa = PBXFileReference; lastKnownFileType = sourcecode.swift; path = MainSwiftUIHostController.swift; sourceTree = "<group>"; };
		C3038F982859360200909FA5 /* Gusto Lunch Menu.app */ = {isa = PBXFileReference; explicitFileType = wrapper.application; includeInIndex = 0; path = "Gusto Lunch Menu.app"; sourceTree = BUILT_PRODUCTS_DIR; };
		C3038F9B2859360200909FA5 /* AppDelegate.swift */ = {isa = PBXFileReference; lastKnownFileType = sourcecode.swift; path = AppDelegate.swift; sourceTree = "<group>"; };
		C3038F9D2859360200909FA5 /* SceneDelegate.swift */ = {isa = PBXFileReference; lastKnownFileType = sourcecode.swift; path = SceneDelegate.swift; sourceTree = "<group>"; };
		C3038F9F2859360200909FA5 /* MainUIKitViewController.swift */ = {isa = PBXFileReference; lastKnownFileType = sourcecode.swift; path = MainUIKitViewController.swift; sourceTree = "<group>"; };
		C3038FA42859360400909FA5 /* Assets.xcassets */ = {isa = PBXFileReference; lastKnownFileType = folder.assetcatalog; path = Assets.xcassets; sourceTree = "<group>"; };
		C3038FA72859360400909FA5 /* Base */ = {isa = PBXFileReference; lastKnownFileType = file.storyboard; name = Base; path = Base.lproj/LaunchScreen.storyboard; sourceTree = "<group>"; };
		C3038FA92859360400909FA5 /* Info.plist */ = {isa = PBXFileReference; lastKnownFileType = text.plist.xml; path = Info.plist; sourceTree = "<group>"; };
		C3038FAE2859360500909FA5 /* Gusto Lunch MenuTests.xctest */ = {isa = PBXFileReference; explicitFileType = wrapper.cfbundle; includeInIndex = 0; path = "Gusto Lunch MenuTests.xctest"; sourceTree = BUILT_PRODUCTS_DIR; };
		C3038FB22859360500909FA5 /* Gusto_Lunch_MenuTests.swift */ = {isa = PBXFileReference; lastKnownFileType = sourcecode.swift; path = Gusto_Lunch_MenuTests.swift; sourceTree = "<group>"; };
		C3038FB82859360500909FA5 /* Gusto Lunch MenuUITests.xctest */ = {isa = PBXFileReference; explicitFileType = wrapper.cfbundle; includeInIndex = 0; path = "Gusto Lunch MenuUITests.xctest"; sourceTree = BUILT_PRODUCTS_DIR; };
		C3038FBC2859360500909FA5 /* Gusto_Lunch_MenuUITests.swift */ = {isa = PBXFileReference; lastKnownFileType = sourcecode.swift; path = Gusto_Lunch_MenuUITests.swift; sourceTree = "<group>"; };
		C3038FBE2859360500909FA5 /* Gusto_Lunch_MenuUITestsLaunchTests.swift */ = {isa = PBXFileReference; lastKnownFileType = sourcecode.swift; path = Gusto_Lunch_MenuUITestsLaunchTests.swift; sourceTree = "<group>"; };
		C3038FCB285936C400909FA5 /* LunchMenuDataSource.swift */ = {isa = PBXFileReference; lastKnownFileType = sourcecode.swift; path = LunchMenuDataSource.swift; sourceTree = "<group>"; };
		C3038FCD2859429800909FA5 /* README.md */ = {isa = PBXFileReference; fileEncoding = 4; lastKnownFileType = net.daringfireball.markdown; path = README.md; sourceTree = "<group>"; };
/* End PBXFileReference section */

/* Begin PBXFrameworksBuildPhase section */
		C3038F952859360200909FA5 /* Frameworks */ = {
			isa = PBXFrameworksBuildPhase;
			buildActionMask = 2147483647;
			files = (
			);
			runOnlyForDeploymentPostprocessing = 0;
		};
		C3038FAB2859360500909FA5 /* Frameworks */ = {
			isa = PBXFrameworksBuildPhase;
			buildActionMask = 2147483647;
			files = (
			);
			runOnlyForDeploymentPostprocessing = 0;
		};
		C3038FB52859360500909FA5 /* Frameworks */ = {
			isa = PBXFrameworksBuildPhase;
			buildActionMask = 2147483647;
			files = (
			);
			runOnlyForDeploymentPostprocessing = 0;
		};
/* End PBXFrameworksBuildPhase section */

/* Begin PBXGroup section */
		C3038F8F2859360200909FA5 = {
			isa = PBXGroup;
			children = (
				C3038FCD2859429800909FA5 /* README.md */,
				C3038F9A2859360200909FA5 /* Gusto Lunch Menu */,
				C3038FB12859360500909FA5 /* Gusto Lunch MenuTests */,
				C3038FBB2859360500909FA5 /* Gusto Lunch MenuUITests */,
				C3038F992859360200909FA5 /* Products */,
			);
			sourceTree = "<group>";
		};
		C3038F992859360200909FA5 /* Products */ = {
			isa = PBXGroup;
			children = (
				C3038F982859360200909FA5 /* Gusto Lunch Menu.app */,
				C3038FAE2859360500909FA5 /* Gusto Lunch MenuTests.xctest */,
				C3038FB82859360500909FA5 /* Gusto Lunch MenuUITests.xctest */,
			);
			name = Products;
			sourceTree = "<group>";
		};
		C3038F9A2859360200909FA5 /* Gusto Lunch Menu */ = {
			isa = PBXGroup;
			children = (
				C3038FD02859574B00909FA5 /* Data */,
				C3038FCF285956F300909FA5 /* AppDelegates */,
				3652D24E2C3F608F00C22394 /* ContentView.swift */,
				C3038F9F2859360200909FA5 /* MainUIKitViewController.swift */,
				3652D2502C3F614B00C22394 /* MainSwiftUIHostController.swift */,
				C3038FA42859360400909FA5 /* Assets.xcassets */,
				C3038FA62859360400909FA5 /* LaunchScreen.storyboard */,
				C3038FA92859360400909FA5 /* Info.plist */,
			);
			path = "Gusto Lunch Menu";
			sourceTree = "<group>";
		};
		C3038FB12859360500909FA5 /* Gusto Lunch MenuTests */ = {
			isa = PBXGroup;
			children = (
				C3038FB22859360500909FA5 /* Gusto_Lunch_MenuTests.swift */,
			);
			path = "Gusto Lunch MenuTests";
			sourceTree = "<group>";
		};
		C3038FBB2859360500909FA5 /* Gusto Lunch MenuUITests */ = {
			isa = PBXGroup;
			children = (
				C3038FBC2859360500909FA5 /* Gusto_Lunch_MenuUITests.swift */,
				C3038FBE2859360500909FA5 /* Gusto_Lunch_MenuUITestsLaunchTests.swift */,
			);
			path = "Gusto Lunch MenuUITests";
			sourceTree = "<group>";
		};
		C3038FCF285956F300909FA5 /* AppDelegates */ = {
			isa = PBXGroup;
			children = (
				C3038F9B2859360200909FA5 /* AppDelegate.swift */,
				C3038F9D2859360200909FA5 /* SceneDelegate.swift */,
			);
			path = AppDelegates;
			sourceTree = "<group>";
		};
		C3038FD02859574B00909FA5 /* Data */ = {
			isa = PBXGroup;
			children = (
				C3038FCB285936C400909FA5 /* LunchMenuDataSource.swift */,
			);
			path = Data;
			sourceTree = "<group>";
		};
/* End PBXGroup section */

/* Begin PBXNativeTarget section */
		C3038F972859360200909FA5 /* Gusto Lunch Menu */ = {
			isa = PBXNativeTarget;
			buildConfigurationList = C3038FC22859360500909FA5 /* Build configuration list for PBXNativeTarget "Gusto Lunch Menu" */;
			buildPhases = (
				C3038F942859360200909FA5 /* Sources */,
				C3038F952859360200909FA5 /* Frameworks */,
				C3038F962859360200909FA5 /* Resources */,
			);
			buildRules = (
			);
			dependencies = (
			);
			name = "Gusto Lunch Menu";
			productName = "Gusto Lunch Menu";
			productReference = C3038F982859360200909FA5 /* Gusto Lunch Menu.app */;
			productType = "com.apple.product-type.application";
		};
		C3038FAD2859360500909FA5 /* Gusto Lunch MenuTests */ = {
			isa = PBXNativeTarget;
			buildConfigurationList = C3038FC52859360500909FA5 /* Build configuration list for PBXNativeTarget "Gusto Lunch MenuTests" */;
			buildPhases = (
				C3038FAA2859360500909FA5 /* Sources */,
				C3038FAB2859360500909FA5 /* Frameworks */,
				C3038FAC2859360500909FA5 /* Resources */,
			);
			buildRules = (
			);
			dependencies = (
				C3038FB02859360500909FA5 /* PBXTargetDependency */,
			);
			name = "Gusto Lunch MenuTests";
			productName = "Gusto Lunch MenuTests";
			productReference = C3038FAE2859360500909FA5 /* Gusto Lunch MenuTests.xctest */;
			productType = "com.apple.product-type.bundle.unit-test";
		};
		C3038FB72859360500909FA5 /* Gusto Lunch MenuUITests */ = {
			isa = PBXNativeTarget;
			buildConfigurationList = C3038FC82859360500909FA5 /* Build configuration list for PBXNativeTarget "Gusto Lunch MenuUITests" */;
			buildPhases = (
				C3038FB42859360500909FA5 /* Sources */,
				C3038FB52859360500909FA5 /* Frameworks */,
				C3038FB62859360500909FA5 /* Resources */,
			);
			buildRules = (
			);
			dependencies = (
				C3038FBA2859360500909FA5 /* PBXTargetDependency */,
			);
			name = "Gusto Lunch MenuUITests";
			productName = "Gusto Lunch MenuUITests";
			productReference = C3038FB82859360500909FA5 /* Gusto Lunch MenuUITests.xctest */;
			productType = "com.apple.product-type.bundle.ui-testing";
		};
/* End PBXNativeTarget section */

/* Begin PBXProject section */
		C3038F902859360200909FA5 /* Project object */ = {
			isa = PBXProject;
			attributes = {
				BuildIndependentTargetsInParallel = 1;
				LastSwiftUpdateCheck = 1340;
				LastUpgradeCheck = 1340;
				TargetAttributes = {
					C3038F972859360200909FA5 = {
						CreatedOnToolsVersion = 13.4.1;
					};
					C3038FAD2859360500909FA5 = {
						CreatedOnToolsVersion = 13.4.1;
						TestTargetID = C3038F972859360200909FA5;
					};
					C3038FB72859360500909FA5 = {
						CreatedOnToolsVersion = 13.4.1;
						TestTargetID = C3038F972859360200909FA5;
					};
				};
			};
			buildConfigurationList = C3038F932859360200909FA5 /* Build configuration list for PBXProject "Gusto Lunch Menu" */;
			compatibilityVersion = "Xcode 13.0";
			developmentRegion = en;
			hasScannedForEncodings = 0;
			knownRegions = (
				en,
				Base,
			);
			mainGroup = C3038F8F2859360200909FA5;
			productRefGroup = C3038F992859360200909FA5 /* Products */;
			projectDirPath = "";
			projectRoot = "";
			targets = (
				C3038F972859360200909FA5 /* Gusto Lunch Menu */,
				C3038FAD2859360500909FA5 /* Gusto Lunch MenuTests */,
				C3038FB72859360500909FA5 /* Gusto Lunch MenuUITests */,
			);
		};
/* End PBXProject section */

/* Begin PBXResourcesBuildPhase section */
		C3038F962859360200909FA5 /* Resources */ = {
			isa = PBXResourcesBuildPhase;
			buildActionMask = 2147483647;
			files = (
				C3038FCE2859429800909FA5 /* README.md in Resources */,
				C3038FA82859360400909FA5 /* LaunchScreen.storyboard in Resources */,
				C3038FA52859360400909FA5 /* Assets.xcassets in Resources */,
			);
			runOnlyForDeploymentPostprocessing = 0;
		};
		C3038FAC2859360500909FA5 /* Resources */ = {
			isa = PBXResourcesBuildPhase;
			buildActionMask = 2147483647;
			files = (
			);
			runOnlyForDeploymentPostprocessing = 0;
		};
		C3038FB62859360500909FA5 /* Resources */ = {
			isa = PBXResourcesBuildPhase;
			buildActionMask = 2147483647;
			files = (
			);
			runOnlyForDeploymentPostprocessing = 0;
		};
/* End PBXResourcesBuildPhase section */

/* Begin PBXSourcesBuildPhase section */
		C3038F942859360200909FA5 /* Sources */ = {
			isa = PBXSourcesBuildPhase;
			buildActionMask = 2147483647;
			files = (
				3652D2512C3F614B00C22394 /* MainSwiftUIHostController.swift in Sources */,
				C3038FA02859360200909FA5 /* MainUIKitViewController.swift in Sources */,
				3652D24F2C3F608F00C22394 /* ContentView.swift in Sources */,
				C3038F9C2859360200909FA5 /* AppDelegate.swift in Sources */,
				C3038FCC285936C400909FA5 /* LunchMenuDataSource.swift in Sources */,
				C3038F9E2859360200909FA5 /* SceneDelegate.swift in Sources */,
			);
			runOnlyForDeploymentPostprocessing = 0;
		};
		C3038FAA2859360500909FA5 /* Sources */ = {
			isa = PBXSourcesBuildPhase;
			buildActionMask = 2147483647;
			files = (
				C3038FB32859360500909FA5 /* Gusto_Lunch_MenuTests.swift in Sources */,
			);
			runOnlyForDeploymentPostprocessing = 0;
		};
		C3038FB42859360500909FA5 /* Sources */ = {
			isa = PBXSourcesBuildPhase;
			buildActionMask = 2147483647;
			files = (
				C3038FBD2859360500909FA5 /* Gusto_Lunch_MenuUITests.swift in Sources */,
				C3038FBF2859360500909FA5 /* Gusto_Lunch_MenuUITestsLaunchTests.swift in Sources */,
			);
			runOnlyForDeploymentPostprocessing = 0;
		};
/* End PBXSourcesBuildPhase section */

/* Begin PBXTargetDependency section */
		C3038FB02859360500909FA5 /* PBXTargetDependency */ = {
			isa = PBXTargetDependency;
			target = C3038F972859360200909FA5 /* Gusto Lunch Menu */;
			targetProxy = C3038FAF2859360500909FA5 /* PBXContainerItemProxy */;
		};
		C3038FBA2859360500909FA5 /* PBXTargetDependency */ = {
			isa = PBXTargetDependency;
			target = C3038F972859360200909FA5 /* Gusto Lunch Menu */;
			targetProxy = C3038FB92859360500909FA5 /* PBXContainerItemProxy */;
		};
/* End PBXTargetDependency section */

/* Begin PBXVariantGroup section */
		C3038FA62859360400909FA5 /* LaunchScreen.storyboard */ = {
			isa = PBXVariantGroup;
			children = (
				C3038FA72859360400909FA5 /* Base */,
			);
			name = LaunchScreen.storyboard;
			sourceTree = "<group>";
		};
/* End PBXVariantGroup section */

/* Begin XCBuildConfiguration section */
		C3038FC02859360500909FA5 /* Debug */ = {
			isa = XCBuildConfiguration;
			buildSettings = {
				ALWAYS_SEARCH_USER_PATHS = NO;
				CLANG_ANALYZER_NONNULL = YES;
				CLANG_ANALYZER_NUMBER_OBJECT_CONVERSION = YES_AGGRESSIVE;
				CLANG_CXX_LANGUAGE_STANDARD = "gnu++17";
				CLANG_ENABLE_MODULES = YES;
				CLANG_ENABLE_OBJC_ARC = YES;
				CLANG_ENABLE_OBJC_WEAK = YES;
				CLANG_WARN_BLOCK_CAPTURE_AUTORELEASING = YES;
				CLANG_WARN_BOOL_CONVERSION = YES;
				CLANG_WARN_COMMA = YES;
				CLANG_WARN_CONSTANT_CONVERSION = YES;
				CLANG_WARN_DEPRECATED_OBJC_IMPLEMENTATIONS = YES;
				CLANG_WARN_DIRECT_OBJC_ISA_USAGE = YES_ERROR;
				CLANG_WARN_DOCUMENTATION_COMMENTS = YES;
				CLANG_WARN_EMPTY_BODY = YES;
				CLANG_WARN_ENUM_CONVERSION = YES;
				CLANG_WARN_INFINITE_RECURSION = YES;
				CLANG_WARN_INT_CONVERSION = YES;
				CLANG_WARN_NON_LITERAL_NULL_CONVERSION = YES;
				CLANG_WARN_OBJC_IMPLICIT_RETAIN_SELF = YES;
				CLANG_WARN_OBJC_LITERAL_CONVERSION = YES;
				CLANG_WARN_OBJC_ROOT_CLASS = YES_ERROR;
				CLANG_WARN_QUOTED_INCLUDE_IN_FRAMEWORK_HEADER = YES;
				CLANG_WARN_RANGE_LOOP_ANALYSIS = YES;
				CLANG_WARN_STRICT_PROTOTYPES = YES;
				CLANG_WARN_SUSPICIOUS_MOVE = YES;
				CLANG_WARN_UNGUARDED_AVAILABILITY = YES_AGGRESSIVE;
				CLANG_WARN_UNREACHABLE_CODE = YES;
				CLANG_WARN__DUPLICATE_METHOD_MATCH = YES;
				COPY_PHASE_STRIP = NO;
				DEBUG_INFORMATION_FORMAT = dwarf;
				ENABLE_STRICT_OBJC_MSGSEND = YES;
				ENABLE_TESTABILITY = YES;
				GCC_C_LANGUAGE_STANDARD = gnu11;
				GCC_DYNAMIC_NO_PIC = NO;
				GCC_NO_COMMON_BLOCKS = YES;
				GCC_OPTIMIZATION_LEVEL = 0;
				GCC_PREPROCESSOR_DEFINITIONS = (
					"DEBUG=1",
					"$(inherited)",
				);
				GCC_WARN_64_TO_32_BIT_CONVERSION = YES;
				GCC_WARN_ABOUT_RETURN_TYPE = YES_ERROR;
				GCC_WARN_UNDECLARED_SELECTOR = YES;
				GCC_WARN_UNINITIALIZED_AUTOS = YES_AGGRESSIVE;
				GCC_WARN_UNUSED_FUNCTION = YES;
				GCC_WARN_UNUSED_VARIABLE = YES;
				IPHONEOS_DEPLOYMENT_TARGET = 15.5;
				MTL_ENABLE_DEBUG_INFO = INCLUDE_SOURCE;
				MTL_FAST_MATH = YES;
				ONLY_ACTIVE_ARCH = YES;
				SDKROOT = iphoneos;
				SWIFT_ACTIVE_COMPILATION_CONDITIONS = DEBUG;
				SWIFT_OPTIMIZATION_LEVEL = "-Onone";
			};
			name = Debug;
		};
		C3038FC12859360500909FA5 /* Release */ = {
			isa = XCBuildConfiguration;
			buildSettings = {
				ALWAYS_SEARCH_USER_PATHS = NO;
				CLANG_ANALYZER_NONNULL = YES;
				CLANG_ANALYZER_NUMBER_OBJECT_CONVERSION = YES_AGGRESSIVE;
				CLANG_CXX_LANGUAGE_STANDARD = "gnu++17";
				CLANG_ENABLE_MODULES = YES;
				CLANG_ENABLE_OBJC_ARC = YES;
				CLANG_ENABLE_OBJC_WEAK = YES;
				CLANG_WARN_BLOCK_CAPTURE_AUTORELEASING = YES;
				CLANG_WARN_BOOL_CONVERSION = YES;
				CLANG_WARN_COMMA = YES;
				CLANG_WARN_CONSTANT_CONVERSION = YES;
				CLANG_WARN_DEPRECATED_OBJC_IMPLEMENTATIONS = YES;
				CLANG_WARN_DIRECT_OBJC_ISA_USAGE = YES_ERROR;
				CLANG_WARN_DOCUMENTATION_COMMENTS = YES;
				CLANG_WARN_EMPTY_BODY = YES;
				CLANG_WARN_ENUM_CONVERSION = YES;
				CLANG_WARN_INFINITE_RECURSION = YES;
				CLANG_WARN_INT_CONVERSION = YES;
				CLANG_WARN_NON_LITERAL_NULL_CONVERSION = YES;
				CLANG_WARN_OBJC_IMPLICIT_RETAIN_SELF = YES;
				CLANG_WARN_OBJC_LITERAL_CONVERSION = YES;
				CLANG_WARN_OBJC_ROOT_CLASS = YES_ERROR;
				CLANG_WARN_QUOTED_INCLUDE_IN_FRAMEWORK_HEADER = YES;
				CLANG_WARN_RANGE_LOOP_ANALYSIS = YES;
				CLANG_WARN_STRICT_PROTOTYPES = YES;
				CLANG_WARN_SUSPICIOUS_MOVE = YES;
				CLANG_WARN_UNGUARDED_AVAILABILITY = YES_AGGRESSIVE;
				CLANG_WARN_UNREACHABLE_CODE = YES;
				CLANG_WARN__DUPLICATE_METHOD_MATCH = YES;
				COPY_PHASE_STRIP = NO;
				DEBUG_INFORMATION_FORMAT = "dwarf-with-dsym";
				ENABLE_NS_ASSERTIONS = NO;
				ENABLE_STRICT_OBJC_MSGSEND = YES;
				GCC_C_LANGUAGE_STANDARD = gnu11;
				GCC_NO_COMMON_BLOCKS = YES;
				GCC_WARN_64_TO_32_BIT_CONVERSION = YES;
				GCC_WARN_ABOUT_RETURN_TYPE = YES_ERROR;
				GCC_WARN_UNDECLARED_SELECTOR = YES;
				GCC_WARN_UNINITIALIZED_AUTOS = YES_AGGRESSIVE;
				GCC_WARN_UNUSED_FUNCTION = YES;
				GCC_WARN_UNUSED_VARIABLE = YES;
				IPHONEOS_DEPLOYMENT_TARGET = 15.5;
				MTL_ENABLE_DEBUG_INFO = NO;
				MTL_FAST_MATH = YES;
				SDKROOT = iphoneos;
				SWIFT_COMPILATION_MODE = wholemodule;
				SWIFT_OPTIMIZATION_LEVEL = "-O";
				VALIDATE_PRODUCT = YES;
			};
			name = Release;
		};
		C3038FC32859360500909FA5 /* Debug */ = {
			isa = XCBuildConfiguration;
			buildSettings = {
				ASSETCATALOG_COMPILER_APPICON_NAME = AppIcon;
				ASSETCATALOG_COMPILER_GLOBAL_ACCENT_COLOR_NAME = AccentColor;
				CODE_SIGN_STYLE = Automatic;
				CURRENT_PROJECT_VERSION = 1;
				GENERATE_INFOPLIST_FILE = YES;
				INFOPLIST_FILE = "Gusto Lunch Menu/Info.plist";
				INFOPLIST_KEY_UIApplicationSupportsIndirectInputEvents = YES;
				INFOPLIST_KEY_UILaunchStoryboardName = LaunchScreen;
				INFOPLIST_KEY_UISupportedInterfaceOrientations_iPad = "UIInterfaceOrientationPortrait UIInterfaceOrientationPortraitUpsideDown UIInterfaceOrientationLandscapeLeft UIInterfaceOrientationLandscapeRight";
				INFOPLIST_KEY_UISupportedInterfaceOrientations_iPhone = "UIInterfaceOrientationPortrait UIInterfaceOrientationLandscapeLeft UIInterfaceOrientationLandscapeRight";
				IPHONEOS_DEPLOYMENT_TARGET = 15.0;
				LD_RUNPATH_SEARCH_PATHS = (
					"$(inherited)",
					"@executable_path/Frameworks",
				);
				MARKETING_VERSION = 1.0;
				PRODUCT_BUNDLE_IDENTIFIER = "com.gusto.lunchmenu.Gusto-Lunch-Menu";
				PRODUCT_NAME = "$(TARGET_NAME)";
				SWIFT_EMIT_LOC_STRINGS = YES;
				SWIFT_VERSION = 5.0;
				TARGETED_DEVICE_FAMILY = "1,2";
			};
			name = Debug;
		};
		C3038FC42859360500909FA5 /* Release */ = {
			isa = XCBuildConfiguration;
			buildSettings = {
				ASSETCATALOG_COMPILER_APPICON_NAME = AppIcon;
				ASSETCATALOG_COMPILER_GLOBAL_ACCENT_COLOR_NAME = AccentColor;
				CODE_SIGN_STYLE = Automatic;
				CURRENT_PROJECT_VERSION = 1;
				GENERATE_INFOPLIST_FILE = YES;
				INFOPLIST_FILE = "Gusto Lunch Menu/Info.plist";
				INFOPLIST_KEY_UIApplicationSupportsIndirectInputEvents = YES;
				INFOPLIST_KEY_UILaunchStoryboardName = LaunchScreen;
				INFOPLIST_KEY_UISupportedInterfaceOrientations_iPad = "UIInterfaceOrientationPortrait UIInterfaceOrientationPortraitUpsideDown UIInterfaceOrientationLandscapeLeft UIInterfaceOrientationLandscapeRight";
				INFOPLIST_KEY_UISupportedInterfaceOrientations_iPhone = "UIInterfaceOrientationPortrait UIInterfaceOrientationLandscapeLeft UIInterfaceOrientationLandscapeRight";
				IPHONEOS_DEPLOYMENT_TARGET = 15.0;
				LD_RUNPATH_SEARCH_PATHS = (
					"$(inherited)",
					"@executable_path/Frameworks",
				);
				MARKETING_VERSION = 1.0;
				PRODUCT_BUNDLE_IDENTIFIER = "com.gusto.lunchmenu.Gusto-Lunch-Menu";
				PRODUCT_NAME = "$(TARGET_NAME)";
				SWIFT_EMIT_LOC_STRINGS = YES;
				SWIFT_VERSION = 5.0;
				TARGETED_DEVICE_FAMILY = "1,2";
			};
			name = Release;
		};
		C3038FC62859360500909FA5 /* Debug */ = {
			isa = XCBuildConfiguration;
			buildSettings = {
				ALWAYS_EMBED_SWIFT_STANDARD_LIBRARIES = YES;
				BUNDLE_LOADER = "$(TEST_HOST)";
				CODE_SIGN_STYLE = Automatic;
				CURRENT_PROJECT_VERSION = 1;
				GENERATE_INFOPLIST_FILE = YES;
				IPHONEOS_DEPLOYMENT_TARGET = 15.5;
				MARKETING_VERSION = 1.0;
				PRODUCT_BUNDLE_IDENTIFIER = "com.gusto.lunchmenu.Gusto-Lunch-MenuTests";
				PRODUCT_NAME = "$(TARGET_NAME)";
				SWIFT_EMIT_LOC_STRINGS = NO;
				SWIFT_VERSION = 5.0;
				TARGETED_DEVICE_FAMILY = "1,2";
				TEST_HOST = "$(BUILT_PRODUCTS_DIR)/Gusto Lunch Menu.app/Gusto Lunch Menu";
			};
			name = Debug;
		};
		C3038FC72859360500909FA5 /* Release */ = {
			isa = XCBuildConfiguration;
			buildSettings = {
				ALWAYS_EMBED_SWIFT_STANDARD_LIBRARIES = YES;
				BUNDLE_LOADER = "$(TEST_HOST)";
				CODE_SIGN_STYLE = Automatic;
				CURRENT_PROJECT_VERSION = 1;
				GENERATE_INFOPLIST_FILE = YES;
				IPHONEOS_DEPLOYMENT_TARGET = 15.5;
				MARKETING_VERSION = 1.0;
				PRODUCT_BUNDLE_IDENTIFIER = "com.gusto.lunchmenu.Gusto-Lunch-MenuTests";
				PRODUCT_NAME = "$(TARGET_NAME)";
				SWIFT_EMIT_LOC_STRINGS = NO;
				SWIFT_VERSION = 5.0;
				TARGETED_DEVICE_FAMILY = "1,2";
				TEST_HOST = "$(BUILT_PRODUCTS_DIR)/Gusto Lunch Menu.app/Gusto Lunch Menu";
			};
			name = Release;
		};
		C3038FC92859360500909FA5 /* Debug */ = {
			isa = XCBuildConfiguration;
			buildSettings = {
				ALWAYS_EMBED_SWIFT_STANDARD_LIBRARIES = YES;
				CODE_SIGN_STYLE = Automatic;
				CURRENT_PROJECT_VERSION = 1;
				GENERATE_INFOPLIST_FILE = YES;
				MARKETING_VERSION = 1.0;
				PRODUCT_BUNDLE_IDENTIFIER = "com.gusto.lunchmenu.Gusto-Lunch-MenuUITests";
				PRODUCT_NAME = "$(TARGET_NAME)";
				SWIFT_EMIT_LOC_STRINGS = NO;
				SWIFT_VERSION = 5.0;
				TARGETED_DEVICE_FAMILY = "1,2";
				TEST_TARGET_NAME = "Gusto Lunch Menu";
			};
			name = Debug;
		};
		C3038FCA2859360500909FA5 /* Release */ = {
			isa = XCBuildConfiguration;
			buildSettings = {
				ALWAYS_EMBED_SWIFT_STANDARD_LIBRARIES = YES;
				CODE_SIGN_STYLE = Automatic;
				CURRENT_PROJECT_VERSION = 1;
				GENERATE_INFOPLIST_FILE = YES;
				MARKETING_VERSION = 1.0;
				PRODUCT_BUNDLE_IDENTIFIER = "com.gusto.lunchmenu.Gusto-Lunch-MenuUITests";
				PRODUCT_NAME = "$(TARGET_NAME)";
				SWIFT_EMIT_LOC_STRINGS = NO;
				SWIFT_VERSION = 5.0;
				TARGETED_DEVICE_FAMILY = "1,2";
				TEST_TARGET_NAME = "Gusto Lunch Menu";
			};
			name = Release;
		};
/* End XCBuildConfiguration section */

/* Begin XCConfigurationList section */
		C3038F932859360200909FA5 /* Build configuration list for PBXProject "Gusto Lunch Menu" */ = {
			isa = XCConfigurationList;
			buildConfigurations = (
				C3038FC02859360500909FA5 /* Debug */,
				C3038FC12859360500909FA5 /* Release */,
			);
			defaultConfigurationIsVisible = 0;
			defaultConfigurationName = Release;
		};
		C3038FC22859360500909FA5 /* Build configuration list for PBXNativeTarget "Gusto Lunch Menu" */ = {
			isa = XCConfigurationList;
			buildConfigurations = (
				C3038FC32859360500909FA5 /* Debug */,
				C3038FC42859360500909FA5 /* Release */,
			);
			defaultConfigurationIsVisible = 0;
			defaultConfigurationName = Release;
		};
		C3038FC52859360500909FA5 /* Build configuration list for PBXNativeTarget "Gusto Lunch MenuTests" */ = {
			isa = XCConfigurationList;
			buildConfigurations = (
				C3038FC62859360500909FA5 /* Debug */,
				C3038FC72859360500909FA5 /* Release */,
			);
			defaultConfigurationIsVisible = 0;
			defaultConfigurationName = Release;
		};
		C3038FC82859360500909FA5 /* Build configuration list for PBXNativeTarget "Gusto Lunch MenuUITests" */ = {
			isa = XCConfigurationList;
			buildConfigurations = (
				C3038FC92859360500909FA5 /* Debug */,
				C3038FCA2859360500909FA5 /* Release */,
			);
			defaultConfigurationIsVisible = 0;
			defaultConfigurationName = Release;
		};
/* End XCConfigurationList section */
	};
	rootObject = C3038F902859360200909FA5 /* Project object */;
}
